
Microsoft Visual Studio Solution File, Format Version 12.00
# Visual Studio Version 17
VisualStudioVersion = 17.5.33530.505
MinimumVisualStudioVersion = 10.0.40219.1
Project("{9A19103F-16F7-4668-BE54-9A1E7A4F7556}") = "AzurePim", "AzurePim\AzurePim.csproj", "{7E7CF86B-E3CD-4113-B19F-C119D488BA12}"
EndProject
Project("{2150E333-8FDC-42A3-9474-1A3956D46DE8}") = "Solution Items", "Solution Items", "{3FAEF73B-3419-4CBC-8B74-0077FBB129A1}"
	ProjectSection(SolutionItems) = preProject
		.github\workflows\dotnet.yml = .github\workflows\dotnet.yml
		README.md = README.md
	EndProjectSection
EndProject
Global
	GlobalSection(SolutionConfigurationPlatforms) = preSolution
		Debug|Any CPU = Debug|Any CPU
		Release|Any CPU = Release|Any CPU
	EndGlobalSection
	GlobalSection(ProjectConfigurationPlatforms) = postSolution
		{7E7CF86B-E3CD-4113-B19F-C119D488BA12}.Debug|Any CPU.ActiveCfg = Debug|Any CPU
		{7E7CF86B-E3CD-4113-B19F-C119D488BA12}.Debug|Any CPU.Build.0 = Debug|Any CPU
		{7E7CF86B-E3CD-4113-B19F-C119D488BA12}.Release|Any CPU.ActiveCfg = Release|Any CPU
		{7E7CF86B-E3CD-4113-B19F-C119D488BA12}.Release|Any CPU.Build.0 = Release|Any CPU
	EndGlobalSection
	GlobalSection(SolutionProperties) = preSolution
		HideSolutionNode = FALSE
	EndGlobalSection
	GlobalSection(ExtensibilityGlobals) = postSolution
		SolutionGuid = {10EC1449-A4E3-4B09-B98A-7A6D74B574E9}
	EndGlobalSection
EndGlobal
